
Microsoft Visual Studio Solution File, Format Version 12.00
# Visual Studio Version 16
VisualStudioVersion = 16.0.31019.35
MinimumVisualStudioVersion = 10.0.40219.1
Project("{FAE04EC0-301F-11D3-BF4B-00C04F79EFBC}") = "Lab06App", "ConsoleApp9\Lab06App.csproj", "{D3FEE30D-5665-42CC-A575-F59984B12F61}"
EndProject
Project("{FAE04EC0-301F-11D3-BF4B-00C04F79EFBC}") = "Lab06Lib2", "..\Lab06Lib2\Lab06Lib2\Lab06Lib2.csproj", "{79F50A18-D1F7-4355-9DAF-ECB8F9D80C0C}"
EndProject
Global
	GlobalSection(SolutionConfigurationPlatforms) = preSolution
		Debug|Any CPU = Debug|Any CPU
		Release|Any CPU = Release|Any CPU
	EndGlobalSection
	GlobalSection(ProjectConfigurationPlatforms) = postSolution
		{D3FEE30D-5665-42CC-A575-F59984B12F61}.Debug|Any CPU.ActiveCfg = Debug|Any CPU
		{D3FEE30D-5665-42CC-A575-F59984B12F61}.Debug|Any CPU.Build.0 = Debug|Any CPU
		{D3FEE30D-5665-42CC-A575-F59984B12F61}.Release|Any CPU.ActiveCfg = Release|Any CPU
		{D3FEE30D-5665-42CC-A575-F59984B12F61}.Release|Any CPU.Build.0 = Release|Any CPU
		{79F50A18-D1F7-4355-9DAF-ECB8F9D80C0C}.Debug|Any CPU.ActiveCfg = Debug|Any CPU
		{79F50A18-D1F7-4355-9DAF-ECB8F9D80C0C}.Debug|Any CPU.Build.0 = Debug|Any CPU
		{79F50A18-D1F7-4355-9DAF-ECB8F9D80C0C}.Release|Any CPU.ActiveCfg = Release|Any CPU
		{79F50A18-D1F7-4355-9DAF-ECB8F9D80C0C}.Release|Any CPU.Build.0 = Release|Any CPU
	EndGlobalSection
	GlobalSection(SolutionProperties) = preSolution
		HideSolutionNode = FALSE
	EndGlobalSection
	GlobalSection(ExtensibilityGlobals) = postSolution
		SolutionGuid = {E86F6647-8299-4263-950C-8BB9BF2B78E4}
	EndGlobalSection
EndGlobal
